
Microsoft Visual Studio Solution File, Format Version 12.00
# Visual Studio Version 16
VisualStudioVersion = 16.0.30907.101
MinimumVisualStudioVersion = 10.0.40219.1
Project("{FAE04EC0-301F-11D3-BF4B-00C04F79EFBC}") = "neo-knights-api", "neo-knights-api.csproj", "{E24D1822-F352-4BE7-B477-6269B34F2645}"
EndProject
Global
	GlobalSection(SolutionConfigurationPlatforms) = preSolution
		Debug|Any CPU = Debug|Any CPU
		Release|Any CPU = Release|Any CPU
	EndGlobalSection
	GlobalSection(ProjectConfigurationPlatforms) = postSolution
		{E24D1822-F352-4BE7-B477-6269B34F2645}.Debug|Any CPU.ActiveCfg = Debug|Any CPU
		{E24D1822-F352-4BE7-B477-6269B34F2645}.Debug|Any CPU.Build.0 = Debug|Any CPU
		{E24D1822-F352-4BE7-B477-6269B34F2645}.Release|Any CPU.ActiveCfg = Release|Any CPU
		{E24D1822-F352-4BE7-B477-6269B34F2645}.Release|Any CPU.Build.0 = Release|Any CPU
	EndGlobalSection
	GlobalSection(SolutionProperties) = preSolution
		HideSolutionNode = FALSE
	EndGlobalSection
	GlobalSection(ExtensibilityGlobals) = postSolution
		SolutionGuid = {145783D9-F236-4EBD-8184-E52278728200}
	EndGlobalSection
EndGlobal
